
Microsoft Visual Studio Solution File, Format Version 12.00
# Visual Studio Version 17
VisualStudioVersion = 17.8.34525.116
MinimumVisualStudioVersion = 10.0.40219.1
Project("{FAE04EC0-301F-11D3-BF4B-00C04F79EFBC}") = "WebApplication212", "WebApplication212\WebApplication212.csproj", "{6FFFD173-6B45-4B20-A939-71ECC8937E0E}"
EndProject
Global
	GlobalSection(SolutionConfigurationPlatforms) = preSolution
		Debug|Any CPU = Debug|Any CPU
		Release|Any CPU = Release|Any CPU
	EndGlobalSection
	GlobalSection(ProjectConfigurationPlatforms) = postSolution
		{6FFFD173-6B45-4B20-A939-71ECC8937E0E}.Debug|Any CPU.ActiveCfg = Debug|Any CPU
		{6FFFD173-6B45-4B20-A939-71ECC8937E0E}.Debug|Any CPU.Build.0 = Debug|Any CPU
		{6FFFD173-6B45-4B20-A939-71ECC8937E0E}.Release|Any CPU.ActiveCfg = Release|Any CPU
		{6FFFD173-6B45-4B20-A939-71ECC8937E0E}.Release|Any CPU.Build.0 = Release|Any CPU
	EndGlobalSection
	GlobalSection(SolutionProperties) = preSolution
		HideSolutionNode = FALSE
	EndGlobalSection
	GlobalSection(ExtensibilityGlobals) = postSolution
		SolutionGuid = {A453D7EB-DAF7-4B36-B676-298D585B2F50}
	EndGlobalSection
EndGlobal
